
Microsoft Visual Studio Solution File, Format Version 12.00
# Visual Studio Version 16
VisualStudioVersion = 16.0.31624.102
MinimumVisualStudioVersion = 10.0.40219.1
Project("{888888A0-9F3D-457C-B088-3A5042F75D52}") = "OptimizationExperiment", "OptimizationExperiment.pyproj", "{E7F62BC4-8436-4D82-AA0E-251A7FF486D9}"
EndProject
Global
	GlobalSection(SolutionConfigurationPlatforms) = preSolution
		Debug|Any CPU = Debug|Any CPU
		Release|Any CPU = Release|Any CPU
	EndGlobalSection
	GlobalSection(ProjectConfigurationPlatforms) = postSolution
		{E7F62BC4-8436-4D82-AA0E-251A7FF486D9}.Debug|Any CPU.ActiveCfg = Debug|Any CPU
		{E7F62BC4-8436-4D82-AA0E-251A7FF486D9}.Release|Any CPU.ActiveCfg = Release|Any CPU
	EndGlobalSection
	GlobalSection(SolutionProperties) = preSolution
		HideSolutionNode = FALSE
	EndGlobalSection
	GlobalSection(ExtensibilityGlobals) = postSolution
		SolutionGuid = {01DCEDF3-A23C-4C63-A199-D54FE1A54948}
	EndGlobalSection
EndGlobal
